
Microsoft Visual Studio Solution File, Format Version 12.00
# Visual Studio Version 16
VisualStudioVersion = 16.0.29613.14
MinimumVisualStudioVersion = 10.0.40219.1
Project("{9A19103F-16F7-4668-BE54-9A1E7A4F7556}") = "AnimalShelter", "..\AnimalShelter.csproj", "{2692205D-622C-4370-93FA-B823CDE01AE3}"
EndProject
Global
	GlobalSection(SolutionConfigurationPlatforms) = preSolution
		Debug|Any CPU = Debug|Any CPU
		Release|Any CPU = Release|Any CPU
	EndGlobalSection
	GlobalSection(ProjectConfigurationPlatforms) = postSolution
		{2692205D-622C-4370-93FA-B823CDE01AE3}.Debug|Any CPU.ActiveCfg = Debug|Any CPU
		{2692205D-622C-4370-93FA-B823CDE01AE3}.Debug|Any CPU.Build.0 = Debug|Any CPU
		{2692205D-622C-4370-93FA-B823CDE01AE3}.Release|Any CPU.ActiveCfg = Release|Any CPU
		{2692205D-622C-4370-93FA-B823CDE01AE3}.Release|Any CPU.Build.0 = Release|Any CPU
	EndGlobalSection
	GlobalSection(SolutionProperties) = preSolution
		HideSolutionNode = FALSE
	EndGlobalSection
	GlobalSection(ExtensibilityGlobals) = postSolution
		SolutionGuid = {FC34E76A-6078-4C13-81EA-28C915C62ECC}
	EndGlobalSection
EndGlobal
